
Microsoft Visual Studio Solution File, Format Version 12.00
# Visual Studio Version 16
VisualStudioVersion = 16.0.31313.79
MinimumVisualStudioVersion = 10.0.40219.1
Project("{FAE04EC0-301F-11D3-BF4B-00C04F79EFBC}") = "StartupAPIScheduler", "StartupAPIScheduler\StartupAPIScheduler.csproj", "{747364C8-70B3-40CA-8AFA-EEDFBCC06EA7}"
EndProject
Project("{54435603-DBB4-11D2-8724-00A0C9A8B90C}") = "ApiSchedulerSetup", "ApiSchedulerSetup\ApiSchedulerSetup.vdproj", "{92F066C5-1A8A-4D4C-BB2C-82500093C84A}"
EndProject
Global
	GlobalSection(SolutionConfigurationPlatforms) = preSolution
		Debug|Any CPU = Debug|Any CPU
		Release|Any CPU = Release|Any CPU
	EndGlobalSection
	GlobalSection(ProjectConfigurationPlatforms) = postSolution
		{747364C8-70B3-40CA-8AFA-EEDFBCC06EA7}.Debug|Any CPU.ActiveCfg = Debug|Any CPU
		{747364C8-70B3-40CA-8AFA-EEDFBCC06EA7}.Debug|Any CPU.Build.0 = Debug|Any CPU
		{747364C8-70B3-40CA-8AFA-EEDFBCC06EA7}.Release|Any CPU.ActiveCfg = Release|Any CPU
		{747364C8-70B3-40CA-8AFA-EEDFBCC06EA7}.Release|Any CPU.Build.0 = Release|Any CPU
		{92F066C5-1A8A-4D4C-BB2C-82500093C84A}.Debug|Any CPU.ActiveCfg = Debug
		{92F066C5-1A8A-4D4C-BB2C-82500093C84A}.Debug|Any CPU.Build.0 = Debug
		{92F066C5-1A8A-4D4C-BB2C-82500093C84A}.Release|Any CPU.ActiveCfg = Release
		{92F066C5-1A8A-4D4C-BB2C-82500093C84A}.Release|Any CPU.Build.0 = Release
	EndGlobalSection
	GlobalSection(SolutionProperties) = preSolution
		HideSolutionNode = FALSE
	EndGlobalSection
	GlobalSection(ExtensibilityGlobals) = postSolution
		SolutionGuid = {8C58A24F-D583-48C9-BB04-914DAF0213E3}
	EndGlobalSection
EndGlobal
